
Microsoft Visual Studio Solution File, Format Version 12.00
# Visual Studio 15
VisualStudioVersion = 15.0.27130.2010
MinimumVisualStudioVersion = 10.0.40219.1
Project("{2150E333-8FDC-42A3-9474-1A3956D46DE8}") = "GenericUnitOfWorkDll", "GenericUnitOfWorkDll", "{6B715B49-2529-48B5-AFBC-69E3AC4F7CEF}"
	ProjectSection(SolutionItems) = preProject
		GenericUnitOfWorkDll\netcoreapp2.0\BussinessCore.dll = GenericUnitOfWorkDll\netcoreapp2.0\BussinessCore.dll
		GenericUnitOfWorkDll\netcoreapp2.0\BussinessCore.pdb = GenericUnitOfWorkDll\netcoreapp2.0\BussinessCore.pdb
		GenericUnitOfWorkDll\netcoreapp2.0\DataAccessSqlServer.dll = GenericUnitOfWorkDll\netcoreapp2.0\DataAccessSqlServer.dll
		GenericUnitOfWorkDll\netcoreapp2.0\DataAccessSqlServer.pdb = GenericUnitOfWorkDll\netcoreapp2.0\DataAccessSqlServer.pdb
		GenericUnitOfWorkDll\netcoreapp2.0\GenericUnitOfWork.dll = GenericUnitOfWorkDll\netcoreapp2.0\GenericUnitOfWork.dll
		GenericUnitOfWorkDll\netcoreapp2.0\GenericUnitOfWork.pdb = GenericUnitOfWorkDll\netcoreapp2.0\GenericUnitOfWork.pdb
	EndProjectSection
EndProject
Project("{9A19103F-16F7-4668-BE54-9A1E7A4F7556}") = "GraphQLServerAndClient", "GraphQLServerAndClient\GraphQLServerAndClient.csproj", "{C199C6DF-4E9E-48D2-B609-687E3A301E25}"
EndProject
Project("{2150E333-8FDC-42A3-9474-1A3956D46DE8}") = "Solution Items", "Solution Items", "{71F79EEB-F9ED-4BE3-B1AA-4EE933E33C21}"
	ProjectSection(SolutionItems) = preProject
		README.md = README.md
	EndProjectSection
EndProject
Global
	GlobalSection(SolutionConfigurationPlatforms) = preSolution
		Debug|Any CPU = Debug|Any CPU
		Release|Any CPU = Release|Any CPU
	EndGlobalSection
	GlobalSection(ProjectConfigurationPlatforms) = postSolution
		{C199C6DF-4E9E-48D2-B609-687E3A301E25}.Debug|Any CPU.ActiveCfg = Debug|Any CPU
		{C199C6DF-4E9E-48D2-B609-687E3A301E25}.Debug|Any CPU.Build.0 = Debug|Any CPU
		{C199C6DF-4E9E-48D2-B609-687E3A301E25}.Release|Any CPU.ActiveCfg = Release|Any CPU
		{C199C6DF-4E9E-48D2-B609-687E3A301E25}.Release|Any CPU.Build.0 = Release|Any CPU
	EndGlobalSection
	GlobalSection(SolutionProperties) = preSolution
		HideSolutionNode = FALSE
	EndGlobalSection
	GlobalSection(ExtensibilityGlobals) = postSolution
		SolutionGuid = {F765F03C-FD52-4358-8527-54276E9BCB73}
	EndGlobalSection
EndGlobal
